
Microsoft Visual Studio Solution File, Format Version 12.00
# Visual Studio Version 17
VisualStudioVersion = 17.1.32421.90
MinimumVisualStudioVersion = 10.0.40219.1
Project("{FAE04EC0-301F-11D3-BF4B-00C04F79EFBC}") = "Server", "Server\Server.csproj", "{2E924425-E475-4985-A1BE-A7B9402D77FC}"
EndProject
Global
	GlobalSection(SolutionConfigurationPlatforms) = preSolution
		Debug|Any CPU = Debug|Any CPU
		Release|Any CPU = Release|Any CPU
	EndGlobalSection
	GlobalSection(ProjectConfigurationPlatforms) = postSolution
		{2E924425-E475-4985-A1BE-A7B9402D77FC}.Debug|Any CPU.ActiveCfg = Debug|Any CPU
		{2E924425-E475-4985-A1BE-A7B9402D77FC}.Debug|Any CPU.Build.0 = Debug|Any CPU
		{2E924425-E475-4985-A1BE-A7B9402D77FC}.Release|Any CPU.ActiveCfg = Release|Any CPU
		{2E924425-E475-4985-A1BE-A7B9402D77FC}.Release|Any CPU.Build.0 = Release|Any CPU
	EndGlobalSection
	GlobalSection(SolutionProperties) = preSolution
		HideSolutionNode = FALSE
	EndGlobalSection
	GlobalSection(ExtensibilityGlobals) = postSolution
		SolutionGuid = {76B51460-D745-477E-AF56-C41DB066624A}
	EndGlobalSection
EndGlobal
