
Microsoft Visual Studio Solution File, Format Version 12.00
# Visual Studio Version 17
VisualStudioVersion = 17.1.32407.343
MinimumVisualStudioVersion = 10.0.40219.1
Project("{FAE04EC0-301F-11D3-BF4B-00C04F79EFBC}") = "XamarinBase.Android", "XamarinBase\XamarinBase.Android\XamarinBase.Android.csproj", "{13C3F23C-56AA-4FF6-BD2E-94F0300AF279}"
EndProject
Project("{FAE04EC0-301F-11D3-BF4B-00C04F79EFBC}") = "XamarinBase.iOS", "XamarinBase\XamarinBase.iOS\XamarinBase.iOS.csproj", "{70C6BCB0-90D5-45F2-B34A-EE8F6764291C}"
EndProject
Project("{9A19103F-16F7-4668-BE54-9A1E7A4F7556}") = "XamarinBase", "XamarinBase\XamarinBase\XamarinBase.csproj", "{C5BE576D-BC12-4579-AD36-16ABF6FFD941}"
EndProject
Project("{FAE04EC0-301F-11D3-BF4B-00C04F79EFBC}") = "XamarinTest", "XamarinTest\XamarinTest.csproj", "{9112B71C-B6FB-433E-BA77-53FF9C9224AF}"
EndProject
Global
	GlobalSection(SolutionConfigurationPlatforms) = preSolution
		Debug|Any CPU = Debug|Any CPU
		Debug|iPhone = Debug|iPhone
		Debug|iPhoneSimulator = Debug|iPhoneSimulator
		Release|Any CPU = Release|Any CPU
		Release|iPhone = Release|iPhone
		Release|iPhoneSimulator = Release|iPhoneSimulator
	EndGlobalSection
	GlobalSection(ProjectConfigurationPlatforms) = postSolution
		{13C3F23C-56AA-4FF6-BD2E-94F0300AF279}.Debug|Any CPU.ActiveCfg = Debug|Any CPU
		{13C3F23C-56AA-4FF6-BD2E-94F0300AF279}.Debug|Any CPU.Build.0 = Debug|Any CPU
		{13C3F23C-56AA-4FF6-BD2E-94F0300AF279}.Debug|Any CPU.Deploy.0 = Debug|Any CPU
		{13C3F23C-56AA-4FF6-BD2E-94F0300AF279}.Debug|iPhone.ActiveCfg = Debug|Any CPU
		{13C3F23C-56AA-4FF6-BD2E-94F0300AF279}.Debug|iPhone.Build.0 = Debug|Any CPU
		{13C3F23C-56AA-4FF6-BD2E-94F0300AF279}.Debug|iPhone.Deploy.0 = Debug|Any CPU
		{13C3F23C-56AA-4FF6-BD2E-94F0300AF279}.Debug|iPhoneSimulator.ActiveCfg = Debug|Any CPU
		{13C3F23C-56AA-4FF6-BD2E-94F0300AF279}.Debug|iPhoneSimulator.Build.0 = Debug|Any CPU
		{13C3F23C-56AA-4FF6-BD2E-94F0300AF279}.Debug|iPhoneSimulator.Deploy.0 = Debug|Any CPU
		{13C3F23C-56AA-4FF6-BD2E-94F0300AF279}.Release|Any CPU.ActiveCfg = Release|Any CPU
		{13C3F23C-56AA-4FF6-BD2E-94F0300AF279}.Release|Any CPU.Build.0 = Release|Any CPU
		{13C3F23C-56AA-4FF6-BD2E-94F0300AF279}.Release|Any CPU.Deploy.0 = Release|Any CPU
		{13C3F23C-56AA-4FF6-BD2E-94F0300AF279}.Release|iPhone.ActiveCfg = Release|Any CPU
		{13C3F23C-56AA-4FF6-BD2E-94F0300AF279}.Release|iPhone.Build.0 = Release|Any CPU
		{13C3F23C-56AA-4FF6-BD2E-94F0300AF279}.Release|iPhone.Deploy.0 = Release|Any CPU
		{13C3F23C-56AA-4FF6-BD2E-94F0300AF279}.Release|iPhoneSimulator.ActiveCfg = Release|Any CPU
		{13C3F23C-56AA-4FF6-BD2E-94F0300AF279}.Release|iPhoneSimulator.Build.0 = Release|Any CPU
		{13C3F23C-56AA-4FF6-BD2E-94F0300AF279}.Release|iPhoneSimulator.Deploy.0 = Release|Any CPU
		{70C6BCB0-90D5-45F2-B34A-EE8F6764291C}.Debug|Any CPU.ActiveCfg = Debug|iPhone
		{70C6BCB0-90D5-45F2-B34A-EE8F6764291C}.Debug|Any CPU.Build.0 = Debug|iPhone
		{70C6BCB0-90D5-45F2-B34A-EE8F6764291C}.Debug|Any CPU.Deploy.0 = Debug|iPhone
		{70C6BCB0-90D5-45F2-B34A-EE8F6764291C}.Debug|iPhone.ActiveCfg = Debug|iPhone
		{70C6BCB0-90D5-45F2-B34A-EE8F6764291C}.Debug|iPhone.Build.0 = Debug|iPhone
		{70C6BCB0-90D5-45F2-B34A-EE8F6764291C}.Debug|iPhone.Deploy.0 = Debug|iPhone
		{70C6BCB0-90D5-45F2-B34A-EE8F6764291C}.Debug|iPhoneSimulator.ActiveCfg = Debug|iPhoneSimulator
		{70C6BCB0-90D5-45F2-B34A-EE8F6764291C}.Debug|iPhoneSimulator.Build.0 = Debug|iPhoneSimulator
		{70C6BCB0-90D5-45F2-B34A-EE8F6764291C}.Debug|iPhoneSimulator.Deploy.0 = Debug|iPhoneSimulator
		{70C6BCB0-90D5-45F2-B34A-EE8F6764291C}.Release|Any CPU.ActiveCfg = Release|iPhoneSimulator
		{70C6BCB0-90D5-45F2-B34A-EE8F6764291C}.Release|Any CPU.Build.0 = Release|iPhoneSimulator
		{70C6BCB0-90D5-45F2-B34A-EE8F6764291C}.Release|Any CPU.Deploy.0 = Release|iPhoneSimulator
		{70C6BCB0-90D5-45F2-B34A-EE8F6764291C}.Release|iPhone.ActiveCfg = Release|iPhone
		{70C6BCB0-90D5-45F2-B34A-EE8F6764291C}.Release|iPhone.Build.0 = Release|iPhone
		{70C6BCB0-90D5-45F2-B34A-EE8F6764291C}.Release|iPhone.Deploy.0 = Release|iPhone
		{70C6BCB0-90D5-45F2-B34A-EE8F6764291C}.Release|iPhoneSimulator.ActiveCfg = Release|iPhoneSimulator
		{70C6BCB0-90D5-45F2-B34A-EE8F6764291C}.Release|iPhoneSimulator.Build.0 = Release|iPhoneSimulator
		{70C6BCB0-90D5-45F2-B34A-EE8F6764291C}.Release|iPhoneSimulator.Deploy.0 = Release|iPhoneSimulator
		{C5BE576D-BC12-4579-AD36-16ABF6FFD941}.Debug|Any CPU.ActiveCfg = Debug|Any CPU
		{C5BE576D-BC12-4579-AD36-16ABF6FFD941}.Debug|Any CPU.Build.0 = Debug|Any CPU
		{C5BE576D-BC12-4579-AD36-16ABF6FFD941}.Debug|Any CPU.Deploy.0 = Debug|Any CPU
		{C5BE576D-BC12-4579-AD36-16ABF6FFD941}.Debug|iPhone.ActiveCfg = Debug|Any CPU
		{C5BE576D-BC12-4579-AD36-16ABF6FFD941}.Debug|iPhone.Build.0 = Debug|Any CPU
		{C5BE576D-BC12-4579-AD36-16ABF6FFD941}.Debug|iPhone.Deploy.0 = Debug|Any CPU
		{C5BE576D-BC12-4579-AD36-16ABF6FFD941}.Debug|iPhoneSimulator.ActiveCfg = Debug|Any CPU
		{C5BE576D-BC12-4579-AD36-16ABF6FFD941}.Debug|iPhoneSimulator.Build.0 = Debug|Any CPU
		{C5BE576D-BC12-4579-AD36-16ABF6FFD941}.Debug|iPhoneSimulator.Deploy.0 = Debug|Any CPU
		{C5BE576D-BC12-4579-AD36-16ABF6FFD941}.Release|Any CPU.ActiveCfg = Release|Any CPU
		{C5BE576D-BC12-4579-AD36-16ABF6FFD941}.Release|Any CPU.Build.0 = Release|Any CPU
		{C5BE576D-BC12-4579-AD36-16ABF6FFD941}.Release|Any CPU.Deploy.0 = Release|Any CPU
		{C5BE576D-BC12-4579-AD36-16ABF6FFD941}.Release|iPhone.ActiveCfg = Release|Any CPU
		{C5BE576D-BC12-4579-AD36-16ABF6FFD941}.Release|iPhone.Build.0 = Release|Any CPU
		{C5BE576D-BC12-4579-AD36-16ABF6FFD941}.Release|iPhone.Deploy.0 = Release|Any CPU
		{C5BE576D-BC12-4579-AD36-16ABF6FFD941}.Release|iPhoneSimulator.ActiveCfg = Release|Any CPU
		{C5BE576D-BC12-4579-AD36-16ABF6FFD941}.Release|iPhoneSimulator.Build.0 = Release|Any CPU
		{C5BE576D-BC12-4579-AD36-16ABF6FFD941}.Release|iPhoneSimulator.Deploy.0 = Release|Any CPU
		{9112B71C-B6FB-433E-BA77-53FF9C9224AF}.Debug|Any CPU.ActiveCfg = Debug|Any CPU
		{9112B71C-B6FB-433E-BA77-53FF9C9224AF}.Debug|Any CPU.Build.0 = Debug|Any CPU
		{9112B71C-B6FB-433E-BA77-53FF9C9224AF}.Debug|iPhone.ActiveCfg = Debug|Any CPU
		{9112B71C-B6FB-433E-BA77-53FF9C9224AF}.Debug|iPhone.Build.0 = Debug|Any CPU
		{9112B71C-B6FB-433E-BA77-53FF9C9224AF}.Debug|iPhoneSimulator.ActiveCfg = Debug|Any CPU
		{9112B71C-B6FB-433E-BA77-53FF9C9224AF}.Debug|iPhoneSimulator.Build.0 = Debug|Any CPU
		{9112B71C-B6FB-433E-BA77-53FF9C9224AF}.Release|Any CPU.ActiveCfg = Release|Any CPU
		{9112B71C-B6FB-433E-BA77-53FF9C9224AF}.Release|Any CPU.Build.0 = Release|Any CPU
		{9112B71C-B6FB-433E-BA77-53FF9C9224AF}.Release|iPhone.ActiveCfg = Release|Any CPU
		{9112B71C-B6FB-433E-BA77-53FF9C9224AF}.Release|iPhone.Build.0 = Release|Any CPU
		{9112B71C-B6FB-433E-BA77-53FF9C9224AF}.Release|iPhoneSimulator.ActiveCfg = Release|Any CPU
		{9112B71C-B6FB-433E-BA77-53FF9C9224AF}.Release|iPhoneSimulator.Build.0 = Release|Any CPU
	EndGlobalSection
	GlobalSection(SolutionProperties) = preSolution
		HideSolutionNode = FALSE
	EndGlobalSection
	GlobalSection(ExtensibilityGlobals) = postSolution
		SolutionGuid = {093317B3-C2AA-4307-9285-6FE05AB76143}
	EndGlobalSection
EndGlobal
